// !$*UTF8*$!
{
	archiveVersion = 1;
	classes = {
	};
	objectVersion = 46;
	objects = {

/* Begin PBXBuildFile section */
		94972E651E7936A80075E5C0 /* AppDelegate.swift in Sources */ = {isa = PBXBuildFile; fileRef = 94972E641E7936A80075E5C0 /* AppDelegate.swift */; };
		94972E671E7936A80075E5C0 /* ViewController.swift in Sources */ = {isa = PBXBuildFile; fileRef = 94972E661E7936A80075E5C0 /* ViewController.swift */; };
		94972E6A1E7936A80075E5C0 /* Main.storyboard in Resources */ = {isa = PBXBuildFile; fileRef = 94972E681E7936A80075E5C0 /* Main.storyboard */; };
		94972E6C1E7936A90075E5C0 /* Assets.xcassets in Resources */ = {isa = PBXBuildFile; fileRef = 94972E6B1E7936A90075E5C0 /* Assets.xcassets */; };
		94972E6F1E7936A90075E5C0 /* LaunchScreen.storyboard in Resources */ = {isa = PBXBuildFile; fileRef = 94972E6D1E7936A90075E5C0 /* LaunchScreen.storyboard */; };
/* End PBXBuildFile section */

/* Begin PBXFileReference section */
		94972E611E7936A80075E5C0 /* thebestapp.app */ = {isa = PBXFileReference; explicitFileType = wrapper.application; includeInIndex = 0; path = thebestapp.app; sourceTree = BUILT_PRODUCTS_DIR; };
		94972E641E7936A80075E5C0 /* AppDelegate.swift */ = {isa = PBXFileReference; lastKnownFileType = sourcecode.swift; path = AppDelegate.swift; sourceTree = "<group>"; };
		94972E661E7936A80075E5C0 /* ViewController.swift */ = {isa = PBXFileReference; lastKnownFileType = sourcecode.swift; path = ViewController.swift; sourceTree = "<group>"; };
		94972E691E7936A80075E5C0 /* Base */ = {isa = PBXFileReference; lastKnownFileType = file.storyboard; name = Base; path = Base.lproj/Main.storyboard; sourceTree = "<group>"; };
		94972E6B1E7936A90075E5C0 /* Assets.xcassets */ = {isa = PBXFileReference; lastKnownFileType = folder.assetcatalog; path = Assets.xcassets; sourceTree = "<group>"; };
		94972E6E1E7936A90075E5C0 /* Base */ = {isa = PBXFileReference; lastKnownFileType = file.storyboard; name = Base; path = Base.lproj/LaunchScreen.storyboard; sourceTree = "<group>"; };
		94972E701E7936A90075E5C0 /* Info.plist */ = {isa = PBXFileReference; lastKnownFileType = text.plist.xml; path = Info.plist; sourceTree = "<group>"; };
/* End PBXFileReference section */

/* Begin PBXFrameworksBuildPhase section */
		94972E5E1E7936A80075E5C0 /* Frameworks */ = {
			isa = PBXFrameworksBuildPhase;
			buildActionMask = 2147483647;
			files = (
			);
			runOnlyForDeploymentPostprocessing = 0;
		};
/* End PBXFrameworksBuildPhase section */

/* Begin PBXGroup section */
		94972E581E7936A80075E5C0 = {
			isa = PBXGroup;
			children = (
				94972E631E7936A80075E5C0 /* thebestapp */,
				94972E621E7936A80075E5C0 /* Products */,
			);
			sourceTree = "<group>";
		};
		94972E621E7936A80075E5C0 /* Products */ = {
			isa = PBXGroup;
			children = (
				94972E611E7936A80075E5C0 /* thebestapp.app */,
			);
			name = Products;
			sourceTree = "<group>";
		};
		94972E631E7936A80075E5C0 /* thebestapp */ = {
			isa = PBXGroup;
			children = (
				94972E641E7936A80075E5C0 /* AppDelegate.swift */,
				94972E661E7936A80075E5C0 /* ViewController.swift */,
				94972E681E7936A80075E5C0 /* Main.storyboard */,
				94972E6B1E7936A90075E5C0 /* Assets.xcassets */,
				94972E6D1E7936A90075E5C0 /* LaunchScreen.storyboard */,
				94972E701E7936A90075E5C0 /* Info.plist */,
			);
			path = thebestapp;
			sourceTree = "<group>";
		};
/* End PBXGroup section */

/* Begin PBXNativeTarget section */
		94972E601E7936A80075E5C0 /* thebestapp */ = {
			isa = PBXNativeTarget;
			buildConfigurationList = 94972E731E7936A90075E5C0 /* Build configuration list for PBXNativeTarget "thebestapp" */;
			buildPhases = (
				94972E5D1E7936A80075E5C0 /* Sources */,
				94972E5E1E7936A80075E5C0 /* Frameworks */,
				94972E5F1E7936A80075E5C0 /* Resources */,
			);
			buildRules = (
			);
			dependencies = (
			);
			name = thebestapp;
			productName = thebestapp;
			productReference = 94972E611E7936A80075E5C0 /* thebestapp.app */;
			productType = "com.apple.product-type.application";
		};
/* End PBXNativeTarget section */

/* Begin PBXProject section */
		94972E591E7936A80075E5C0 /* Project object */ = {
			isa = PBXProject;
			attributes = {
				LastSwiftUpdateCheck = 0820;
				LastUpgradeCheck = 0820;
				ORGANIZATIONNAME = "James Slusser";
				TargetAttributes = {
					94972E601E7936A80075E5C0 = {
						CreatedOnToolsVersion = 8.2.1;
						DevelopmentTeam = K373EY5YU9;
						ProvisioningStyle = Automatic;
					};
				};
			};
			buildConfigurationList = 94972E5C1E7936A80075E5C0 /* Build configuration list for PBXProject "thebestapp" */;
			compatibilityVersion = "Xcode 3.2";
			developmentRegion = English;
			hasScannedForEncodings = 0;
			knownRegions = (
				en,
				Base,
			);
			mainGroup = 94972E581E7936A80075E5C0;
			productRefGroup = 94972E621E7936A80075E5C0 /* Products */;
			projectDirPath = "";
			projectRoot = "";
			targets = (
				94972E601E7936A80075E5C0 /* thebestapp */,
			);
		};
/* End PBXProject section */

/* Begin PBXResourcesBuildPhase section */
		94972E5F1E7936A80075E5C0 /* Resources */ = {
			isa = PBXResourcesBuildPhase;
			buildActionMask = 2147483647;
			files = (
				94972E6F1E7936A90075E5C0 /* LaunchScreen.storyboard in Resources */,
				94972E6C1E7936A90075E5C0 /* Assets.xcassets in Resources */,
				94972E6A1E7936A80075E5C0 /* Main.storyboard in Resources */,
			);
			runOnlyForDeploymentPostprocessing = 0;
		};
/* End PBXResourcesBuildPhase section */

/* Begin PBXSourcesBuildPhase section */
		94972E5D1E7936A80075E5C0 /* Sources */ = {
			isa = PBXSourcesBuildPhase;
			buildActionMask = 2147483647;
			files = (
				94972E671E7936A80075E5C0 /* ViewController.swift in Sources */,
				94972E651E7936A80075E5C0 /* AppDelegate.swift in Sources */,
			);
			runOnlyForDeploymentPostprocessing = 0;
		};
/* End PBXSourcesBuildPhase section */

/* Begin PBXVariantGroup section */
		94972E681E7936A80075E5C0 /* Main.storyboard */ = {
			isa = PBXVariantGroup;
			children = (
				94972E691E7936A80075E5C0 /* Base */,
			);
			name = Main.storyboard;
			sourceTree = "<group>";
		};
		94972E6D1E7936A90075E5C0 /* LaunchScreen.storyboard */ = {
			isa = PBXVariantGroup;
			children = (
				94972E6E1E7936A90075E5C0 /* Base */,
			);
			name = LaunchScreen.storyboard;
			sourceTree = "<group>";
		};
/* End PBXVariantGroup section */

/* Begin XCBuildConfiguration section */
		94972E711E7936A90075E5C0 /* Debug */ = {
			isa = XCBuildConfiguration;
			buildSettings = {
				ALWAYS_SEARCH_USER_PATHS = NO;
				CLANG_ANALYZER_NONNULL = YES;
				CLANG_CXX_LANGUAGE_STANDARD = "gnu++0x";
				CLANG_CXX_LIBRARY = "libc++";
				CLANG_ENABLE_MODULES = YES;
				CLANG_ENABLE_OBJC_ARC = YES;
				CLANG_WARN_BOOL_CONVERSION = YES;
				CLANG_WARN_CONSTANT_CONVERSION = YES;
				CLANG_WARN_DIRECT_OBJC_ISA_USAGE = YES_ERROR;
				CLANG_WARN_DOCUMENTATION_COMMENTS = YES;
				CLANG_WARN_EMPTY_BODY = YES;
				CLANG_WARN_ENUM_CONVERSION = YES;
				CLANG_WARN_INFINITE_RECURSION = YES;
				CLANG_WARN_INT_CONVERSION = YES;
				CLANG_WARN_OBJC_ROOT_CLASS = YES_ERROR;
				CLANG_WARN_SUSPICIOUS_MOVE = YES;
				CLANG_WARN_UNREACHABLE_CODE = YES;
				CLANG_WARN__DUPLICATE_METHOD_MATCH = YES;
				"CODE_SIGN_IDENTITY[sdk=iphoneos*]" = "iPhone Developer";
				COPY_PHASE_STRIP = NO;
				DEBUG_INFORMATION_FORMAT = dwarf;
				ENABLE_STRICT_OBJC_MSGSEND = YES;
				ENABLE_TESTABILITY = YES;
				GCC_C_LANGUAGE_STANDARD = gnu99;
				GCC_DYNAMIC_NO_PIC = NO;
				GCC_NO_COMMON_BLOCKS = YES;
				GCC_OPTIMIZATION_LEVEL = 0;
				GCC_PREPROCESSOR_DEFINITIONS = (
					"DEBUG=1",
					"$(inherited)",
				);
				GCC_WARN_64_TO_32_BIT_CONVERSION = YES;
				GCC_WARN_ABOUT_RETURN_TYPE = YES_ERROR;
				GCC_WARN_UNDECLARED_SELECTOR = YES;
				GCC_WARN_UNINITIALIZED_AUTOS = YES_AGGRESSIVE;
				GCC_WARN_UNUSED_FUNCTION = YES;
				GCC_WARN_UNUSED_VARIABLE = YES;
				IPHONEOS_DEPLOYMENT_TARGET = 10.2;
				MTL_ENABLE_DEBUG_INFO = YES;
				ONLY_ACTIVE_ARCH = YES;
				SDKROOT = iphoneos;
				SWIFT_ACTIVE_COMPILATION_CONDITIONS = DEBUG;
				SWIFT_OPTIMIZATION_LEVEL = "-Onone";
			};
			name = Debug;
		};
		94972E721E7936A90075E5C0 /* Release */ = {
			isa = XCBuildConfiguration;
			buildSettings = {
				ALWAYS_SEARCH_USER_PATHS = NO;
				CLANG_ANALYZER_NONNULL = YES;
				CLANG_CXX_LANGUAGE_STANDARD = "gnu++0x";
				CLANG_CXX_LIBRARY = "libc++";
				CLANG_ENABLE_MODULES = YES;
				CLANG_ENABLE_OBJC_ARC = YES;
				CLANG_WARN_BOOL_CONVERSION = YES;
				CLANG_WARN_CONSTANT_CONVERSION = YES;
				CLANG_WARN_DIRECT_OBJC_ISA_USAGE = YES_ERROR;
				CLANG_WARN_DOCUMENTATION_COMMENTS = YES;
				CLANG_WARN_EMPTY_BODY = YES;
				CLANG_WARN_ENUM_CONVERSION = YES;
				CLANG_WARN_INFINITE_RECURSION = YES;
				CLANG_WARN_INT_CONVERSION = YES;
				CLANG_WARN_OBJC_ROOT_CLASS = YES_ERROR;
				CLANG_WARN_SUSPICIOUS_MOVE = YES;
				CLANG_WARN_UNREACHABLE_CODE = YES;
				CLANG_WARN__DUPLICATE_METHOD_MATCH = YES;
				"CODE_SIGN_IDENTITY[sdk=iphoneos*]" = "iPhone Developer";
				COPY_PHASE_STRIP = NO;
				DEBUG_INFORMATION_FORMAT = "dwarf-with-dsym";
				ENABLE_NS_ASSERTIONS = NO;
				ENABLE_STRICT_OBJC_MSGSEND = YES;
				GCC_C_LANGUAGE_STANDARD = gnu99;
				GCC_NO_COMMON_BLOCKS = YES;
				GCC_WARN_64_TO_32_BIT_CONVERSION = YES;
				GCC_WARN_ABOUT_RETURN_TYPE = YES_ERROR;
				GCC_WARN_UNDECLARED_SELECTOR = YES;
				GCC_WARN_UNINITIALIZED_AUTOS = YES_AGGRESSIVE;
				GCC_WARN_UNUSED_FUNCTION = YES;
				GCC_WARN_UNUSED_VARIABLE = YES;
				IPHONEOS_DEPLOYMENT_TARGET = 10.2;
				MTL_ENABLE_DEBUG_INFO = NO;
				SDKROOT = iphoneos;
				SWIFT_OPTIMIZATION_LEVEL = "-Owholemodule";
				VALIDATE_PRODUCT = YES;
			};
			name = Release;
		};
		94972E741E7936A90075E5C0 /* Debug */ = {
			isa = XCBuildConfiguration;
			buildSettings = {
				ASSETCATALOG_COMPILER_APPICON_NAME = AppIcon;
				DEVELOPMENT_TEAM = K373EY5YU9;
				INFOPLIST_FILE = thebestapp/Info.plist;
				LD_RUNPATH_SEARCH_PATHS = "$(inherited) @executable_path/Frameworks";
				PRODUCT_BUNDLE_IDENTIFIER = com.jimslusser.thebestapp;
				PRODUCT_NAME = "$(TARGET_NAME)";
				SWIFT_VERSION = 3.0;
			};
			name = Debug;
		};
		94972E751E7936A90075E5C0 /* Release */ = {
			isa = XCBuildConfiguration;
			buildSettings = {
				ASSETCATALOG_COMPILER_APPICON_NAME = AppIcon;
				DEVELOPMENT_TEAM = K373EY5YU9;
				INFOPLIST_FILE = thebestapp/Info.plist;
				LD_RUNPATH_SEARCH_PATHS = "$(inherited) @executable_path/Frameworks";
				PRODUCT_BUNDLE_IDENTIFIER = com.jimslusser.thebestapp;
				PRODUCT_NAME = "$(TARGET_NAME)";
				SWIFT_VERSION = 3.0;
			};
			name = Release;
		};
/* End XCBuildConfiguration section */

/* Begin XCConfigurationList section */
		94972E5C1E7936A80075E5C0 /* Build configuration list for PBXProject "thebestapp" */ = {
			isa = XCConfigurationList;
			buildConfigurations = (
				94972E711E7936A90075E5C0 /* Debug */,
				94972E721E7936A90075E5C0 /* Release */,
			);
			defaultConfigurationIsVisible = 0;
			defaultConfigurationName = Release;
		};
		94972E731E7936A90075E5C0 /* Build configuration list for PBXNativeTarget "thebestapp" */ = {
			isa = XCConfigurationList;
			buildConfigurations = (
				94972E741E7936A90075E5C0 /* Debug */,
				94972E751E7936A90075E5C0 /* Release */,
			);
			defaultConfigurationIsVisible = 0;
		};
/* End XCConfigurationList section */
	};
	rootObject = 94972E591E7936A80075E5C0 /* Project object */;
}
